
Microsoft Visual Studio Solution File, Format Version 12.00
# Visual Studio Version 16
VisualStudioVersion = 16.0.31321.278
MinimumVisualStudioVersion = 10.0.40219.1
Project("{FAE04EC0-301F-11D3-BF4B-00C04F79EFBC}") = "String Method Seminar", "String Method Seminar\String Method Seminar.csproj", "{804D2A41-249E-44B1-BAC6-CF0214ECE560}"
EndProject
Global
	GlobalSection(SolutionConfigurationPlatforms) = preSolution
		Debug|Any CPU = Debug|Any CPU
		Release|Any CPU = Release|Any CPU
	EndGlobalSection
	GlobalSection(ProjectConfigurationPlatforms) = postSolution
		{804D2A41-249E-44B1-BAC6-CF0214ECE560}.Debug|Any CPU.ActiveCfg = Debug|Any CPU
		{804D2A41-249E-44B1-BAC6-CF0214ECE560}.Debug|Any CPU.Build.0 = Debug|Any CPU
		{804D2A41-249E-44B1-BAC6-CF0214ECE560}.Release|Any CPU.ActiveCfg = Release|Any CPU
		{804D2A41-249E-44B1-BAC6-CF0214ECE560}.Release|Any CPU.Build.0 = Release|Any CPU
	EndGlobalSection
	GlobalSection(SolutionProperties) = preSolution
		HideSolutionNode = FALSE
	EndGlobalSection
	GlobalSection(ExtensibilityGlobals) = postSolution
		SolutionGuid = {9B3D8426-2FFE-48F6-A3CC-71644E3C0D72}
	EndGlobalSection
EndGlobal
